
Microsoft Visual Studio Solution File, Format Version 12.00
# Visual Studio Version 17
VisualStudioVersion = 17.7.34221.43
MinimumVisualStudioVersion = 10.0.40219.1
Project("{2150E333-8FDC-42A3-9474-1A3956D46DE8}") = "Services", "Services", "{51724712-BFE8-41E8-A623-0DA9C56F1CF2}"
EndProject
Project("{2150E333-8FDC-42A3-9474-1A3956D46DE8}") = "Catalog", "Catalog", "{0A259347-D398-4236-B0FC-3F6CA90F403A}"
EndProject
Project("{9A19103F-16F7-4668-BE54-9A1E7A4F7556}") = "Catalog.API", "Services\Catalog\Catalog.API\Catalog.API.csproj", "{B19E57CE-1946-409E-82F9-21AF80FDD89A}"
EndProject
Project("{E53339B2-1760-4266-BCC7-CA923CBCF16C}") = "docker-compose", "docker-compose.dcproj", "{535867D4-ED40-4AFA-B801-EB827B24067B}"
EndProject
Global
	GlobalSection(SolutionConfigurationPlatforms) = preSolution
		Debug|Any CPU = Debug|Any CPU
		Release|Any CPU = Release|Any CPU
	EndGlobalSection
	GlobalSection(ProjectConfigurationPlatforms) = postSolution
		{B19E57CE-1946-409E-82F9-21AF80FDD89A}.Debug|Any CPU.ActiveCfg = Debug|Any CPU
		{B19E57CE-1946-409E-82F9-21AF80FDD89A}.Debug|Any CPU.Build.0 = Debug|Any CPU
		{B19E57CE-1946-409E-82F9-21AF80FDD89A}.Release|Any CPU.ActiveCfg = Release|Any CPU
		{B19E57CE-1946-409E-82F9-21AF80FDD89A}.Release|Any CPU.Build.0 = Release|Any CPU
		{535867D4-ED40-4AFA-B801-EB827B24067B}.Debug|Any CPU.ActiveCfg = Debug|Any CPU
		{535867D4-ED40-4AFA-B801-EB827B24067B}.Debug|Any CPU.Build.0 = Debug|Any CPU
		{535867D4-ED40-4AFA-B801-EB827B24067B}.Release|Any CPU.ActiveCfg = Release|Any CPU
		{535867D4-ED40-4AFA-B801-EB827B24067B}.Release|Any CPU.Build.0 = Release|Any CPU
	EndGlobalSection
	GlobalSection(SolutionProperties) = preSolution
		HideSolutionNode = FALSE
	EndGlobalSection
	GlobalSection(NestedProjects) = preSolution
		{0A259347-D398-4236-B0FC-3F6CA90F403A} = {51724712-BFE8-41E8-A623-0DA9C56F1CF2}
		{B19E57CE-1946-409E-82F9-21AF80FDD89A} = {0A259347-D398-4236-B0FC-3F6CA90F403A}
	EndGlobalSection
	GlobalSection(ExtensibilityGlobals) = postSolution
		SolutionGuid = {45BB7529-B5CB-4AD8-B9E0-0F2C040F3E5C}
	EndGlobalSection
EndGlobal
